PODS:
  - Alamofire (5.4.3)
  - ImageSlideshow (1.9.2):
    - ImageSlideshow/Core (= 1.9.2)
  - ImageSlideshow/Core (1.9.2)
  - ImageSlideshow/Kingfisher (1.9.2):
    - ImageSlideshow/Core
    - Kingfisher (> 3.0)
  - Kingfisher (6.3.0)
  - MarqueeLabel (4.0.5)
  - SnapKit (5.0.1)

DEPENDENCIES:
  - Alamofire
  - ImageSlideshow (~> 1.9.0)
  - ImageSlideshow/Kingfisher
  - Kingfisher
  - MarqueeLabel
  - SnapKit (~> 5.0.0)

SPEC REPOS:
  trunk:
    - Alamofire
    - ImageSlideshow
    - Kingfisher
    - MarqueeLabel
    - SnapKit

SPEC CHECKSUMS:
  Alamofire: e447a2774a40c996748296fa2c55112fdbbc42f9
  ImageSlideshow: be305b54eaf2b2cfc7a7141c7c734605d44dc07d
  Kingfisher: 6c3df386db71d82c0817a429d2c9421a77396529
  MarqueeLabel: 00cc0bcd087111dca575878b3531af980559707d
  SnapKit: 97b92857e3df3a0c71833cce143274bf6ef8e5eb

PODFILE CHECKSUM: 3ba97ef917f64894b7ac660ddf762a464119d4a1

COCOAPODS: 1.10.1
